// !$*UTF8*$!
{
	archiveVersion = 1;
	classes = {
	};
	objectVersion = 52;
	objects = {

/* Begin PBXAggregateTarget section */
		1F9D559823832DFE00B81967 /* Dependencies */ = {
			isa = PBXAggregateTarget;
			buildConfigurationList = 1F9D559923832DFE00B81967 /* Build configuration list for PBXAggregateTarget "Dependencies" */;
			buildPhases = (
				1F9D559C23832E0100B81967 /* Ditto Dependencies */,
				1F4D4B4F2384AF0D00D21F65 /* Build Driver */,
			);
			dependencies = (
			);
			name = Dependencies;
			productName = "Homebrew Dependencies";
		};
/* End PBXAggregateTarget section */

/* Begin PBXBuildFile section */
		1F78BDCB23830DF200F38B52 /* CommandLineExtensions in Frameworks */ = {isa = PBXBuildFile; productRef = 1F78BDCA23830DF200F38B52 /* CommandLineExtensions */; };
		1F78BDD023830EE300F38B52 /* SwiftCLI in Frameworks */ = {isa = PBXBuildFile; productRef = 1F78BDCF23830EE300F38B52 /* SwiftCLI */; };
		1F9D558623832C3000B81967 /* main.swift in Sources */ = {isa = PBXBuildFile; fileRef = 1F9D558423832C3000B81967 /* main.swift */; };
		1F9D559223832CA300B81967 /* docker-machine-launcher in Copy Launcher */ = {isa = PBXBuildFile; fileRef = 1F529FA923830D3800DAD0CF /* docker-machine-launcher */; settings = {ATTRIBUTES = (CodeSignOnCopy, ); }; };
		1F9D55AE238332E100B81967 /* docker in Copy Public Binaries */ = {isa = PBXBuildFile; fileRef = 1F9D55AC238332C100B81967 /* docker */; settings = {ATTRIBUTES = (CodeSignOnCopy, ); }; };
		1F9D55AF238332E100B81967 /* docker-machine in Copy Public Binaries */ = {isa = PBXBuildFile; fileRef = 1F9D55AA238332C100B81967 /* docker-machine */; settings = {ATTRIBUTES = (CodeSignOnCopy, ); }; };
		1F9D55B0238332E100B81967 /* docker-machine-driver-xhyve in Copy Public Binaries */ = {isa = PBXBuildFile; fileRef = 1F9D55A8238332C100B81967 /* docker-machine-driver-xhyve */; settings = {ATTRIBUTES = (CodeSignOnCopy, ); }; };
		1FD12E43238463E300AD7572 /* RunDaemon.swift in Sources */ = {isa = PBXBuildFile; fileRef = 1FD12E42238463E300AD7572 /* RunDaemon.swift */; };
		1FD3D0A223839316005264A2 /* docker-maachine-driver-xhyve.txt in Copy Licenses */ = {isa = PBXBuildFile; fileRef = 1FD3D09C238392F7005264A2 /* docker-maachine-driver-xhyve.txt */; };
		1FD3D0A323839316005264A2 /* docker-machine.txt in Copy Licenses */ = {isa = PBXBuildFile; fileRef = 1FD3D09B238392F7005264A2 /* docker-machine.txt */; };
		1FD3D0A423839316005264A2 /* docker.txt in Copy Licenses */ = {isa = PBXBuildFile; fileRef = 1FD3D09D238392F7005264A2 /* docker.txt */; };
		1FD3D0AC23839401005264A2 /* man1 in Copy Manpages */ = {isa = PBXBuildFile; fileRef = 1FD3D0A7238393E2005264A2 /* man1 */; };
		1FD3D0AD23839401005264A2 /* man5 in Copy Manpages */ = {isa = PBXBuildFile; fileRef = 1FD3D0A8238393E2005264A2 /* man5 */; };
		1FD3D0B0238394CB005264A2 /* CreateMachine.swift in Sources */ = {isa = PBXBuildFile; fileRef = 1FD3D0AF238394CB005264A2 /* CreateMachine.swift */; };
/* End PBXBuildFile section */

/* Begin PBXContainerItemProxy section */
		1F9D559323832CA700B81967 /* PBXContainerItemProxy */ = {
			isa = PBXContainerItemProxy;
			containerPortal = 1F529FA123830D3700DAD0CF /* Project object */;
			proxyType = 1;
			remoteGlobalIDString = 1F529FA823830D3800DAD0CF;
			remoteInfo = "docker-machine-launcher";
		};
		1F9D559D23832E5100B81967 /* PBXContainerItemProxy */ = {
			isa = PBXContainerItemProxy;
			containerPortal = 1F529FA123830D3700DAD0CF /* Project object */;
			proxyType = 1;
			remoteGlobalIDString = 1F9D559823832DFE00B81967;
			remoteInfo = "Homebrew Dependencies";
		};
/* End PBXContainerItemProxy section */

/* Begin PBXCopyFilesBuildPhase section */
		1F9D559123832C9500B81967 /* Copy Launcher */ = {
			isa = PBXCopyFilesBuildPhase;
			buildActionMask = 2147483647;
			dstPath = Contents/MacOS;
			dstSubfolderSpec = 1;
			files = (
				1F9D559223832CA300B81967 /* docker-machine-launcher in Copy Launcher */,
			);
			name = "Copy Launcher";
			runOnlyForDeploymentPostprocessing = 0;
		};
		1F9D55AD238332D600B81967 /* Copy Public Binaries */ = {
			isa = PBXCopyFilesBuildPhase;
			buildActionMask = 2147483647;
			dstPath = Contents/Public;
			dstSubfolderSpec = 1;
			files = (
				1F9D55AE238332E100B81967 /* docker in Copy Public Binaries */,
				1F9D55AF238332E100B81967 /* docker-machine in Copy Public Binaries */,
				1F9D55B0238332E100B81967 /* docker-machine-driver-xhyve in Copy Public Binaries */,
			);
			name = "Copy Public Binaries";
			runOnlyForDeploymentPostprocessing = 0;
		};
		1FD3D0A123839305005264A2 /* Copy Licenses */ = {
			isa = PBXCopyFilesBuildPhase;
			buildActionMask = 2147483647;
			dstPath = Licenses;
			dstSubfolderSpec = 7;
			files = (
				1FD3D0A223839316005264A2 /* docker-maachine-driver-xhyve.txt in Copy Licenses */,
				1FD3D0A323839316005264A2 /* docker-machine.txt in Copy Licenses */,
				1FD3D0A423839316005264A2 /* docker.txt in Copy Licenses */,
			);
			name = "Copy Licenses";
			runOnlyForDeploymentPostprocessing = 0;
		};
		1FD3D0A5238393CB005264A2 /* Copy Manpages */ = {
			isa = PBXCopyFilesBuildPhase;
			buildActionMask = 2147483647;
			dstPath = man;
			dstSubfolderSpec = 7;
			files = (
				1FD3D0AC23839401005264A2 /* man1 in Copy Manpages */,
				1FD3D0AD23839401005264A2 /* man5 in Copy Manpages */,
			);
			name = "Copy Manpages";
			runOnlyForDeploymentPostprocessing = 0;
		};
/* End PBXCopyFilesBuildPhase section */

/* Begin PBXFileReference section */
		1F529FA923830D3800DAD0CF /* docker-machine-launcher */ = {isa = PBXFileReference; explicitFileType = "compiled.mach-o.executable"; includeInIndex = 0; path = "docker-machine-launcher"; sourceTree = BUILT_PRODUCTS_DIR; };
		1F9D558423832C3000B81967 /* main.swift */ = {isa = PBXFileReference; fileEncoding = 4; lastKnownFileType = sourcecode.swift; path = main.swift; sourceTree = "<group>"; };
		1F9D558B23832C5800B81967 /* DockerService.bundle */ = {isa = PBXFileReference; explicitFileType = wrapper.cfbundle; includeInIndex = 0; path = DockerService.bundle; sourceTree = BUILT_PRODUCTS_DIR; };
		1F9D558D23832C5900B81967 /* Info.plist */ = {isa = PBXFileReference; lastKnownFileType = text.plist.xml; path = Info.plist; sourceTree = "<group>"; };
		1F9D559623832D2300B81967 /* ditto-components.sh */ = {isa = PBXFileReference; lastKnownFileType = text.script.sh; path = "ditto-components.sh"; sourceTree = "<group>"; };
		1F9D55A8238332C100B81967 /* docker-machine-driver-xhyve */ = {isa = PBXFileReference; lastKnownFileType = "compiled.mach-o.executable"; name = "docker-machine-driver-xhyve"; path = "docker-machine-driver-xhyve/docker-machine-driver-xhyve"; sourceTree = "<group>"; };
		1F9D55AA238332C100B81967 /* docker-machine */ = {isa = PBXFileReference; lastKnownFileType = "compiled.mach-o.executable"; name = "docker-machine"; path = "docker-machine/docker-machine"; sourceTree = "<group>"; };
		1F9D55AC238332C100B81967 /* docker */ = {isa = PBXFileReference; lastKnownFileType = "compiled.mach-o.executable"; name = docker; path = docker/docker; sourceTree = "<group>"; };
		1FC220B52384AD550061A05D /* build-machine-driver.sh */ = {isa = PBXFileReference; lastKnownFileType = text.script.sh; path = "build-machine-driver.sh"; sourceTree = "<group>"; };
		1FD12E42238463E300AD7572 /* RunDaemon.swift */ = {isa = PBXFileReference; lastKnownFileType = sourcecode.swift; path = RunDaemon.swift; sourceTree = "<group>"; };
		1FD3D09B238392F7005264A2 /* docker-machine.txt */ = {isa = PBXFileReference; fileEncoding = 4; lastKnownFileType = text; path = "docker-machine.txt"; sourceTree = "<group>"; };
		1FD3D09C238392F7005264A2 /* docker-maachine-driver-xhyve.txt */ = {isa = PBXFileReference; fileEncoding = 4; lastKnownFileType = text; path = "docker-maachine-driver-xhyve.txt"; sourceTree = "<group>"; };
		1FD3D09D238392F7005264A2 /* docker.txt */ = {isa = PBXFileReference; fileEncoding = 4; lastKnownFileType = text; path = docker.txt; sourceTree = "<group>"; };
		1FD3D0A7238393E2005264A2 /* man1 */ = {isa = PBXFileReference; lastKnownFileType = folder; path = man1; sourceTree = "<group>"; };
		1FD3D0A8238393E2005264A2 /* man5 */ = {isa = PBXFileReference; lastKnownFileType = folder; path = man5; sourceTree = "<group>"; };
		1FD3D0AF238394CB005264A2 /* CreateMachine.swift */ = {isa = PBXFileReference; lastKnownFileType = sourcecode.swift; path = CreateMachine.swift; sourceTree = "<group>"; };
/* End PBXFileReference section */

/* Begin PBXFrameworksBuildPhase section */
		1F529FA623830D3800DAD0CF /* Frameworks */ = {
			isa = PBXFrameworksBuildPhase;
			buildActionMask = 2147483647;
			files = (
				1F78BDCB23830DF200F38B52 /* CommandLineExtensions in Frameworks */,
				1F78BDD023830EE300F38B52 /* SwiftCLI in Frameworks */,
			);
			runOnlyForDeploymentPostprocessing = 0;
		};
		1F9D558823832C5800B81967 /* Frameworks */ = {
			isa = PBXFrameworksBuildPhase;
			buildActionMask = 2147483647;
			files = (
			);
			runOnlyForDeploymentPostprocessing = 0;
		};
/* End PBXFrameworksBuildPhase section */

/* Begin PBXGroup section */
		1F529FA023830D3700DAD0CF = {
			isa = PBXGroup;
			children = (
				1F9D559723832DD600B81967 /* components */,
				1F9D558323832C3000B81967 /* launcher */,
				1F9D558C23832C5900B81967 /* bundle */,
				1F9D559523832D1400B81967 /* xcodescripts */,
				1F529FAA23830D3800DAD0CF /* Products */,
			);
			sourceTree = "<group>";
		};
		1F529FAA23830D3800DAD0CF /* Products */ = {
			isa = PBXGroup;
			children = (
				1F529FA923830D3800DAD0CF /* docker-machine-launcher */,
				1F9D558B23832C5800B81967 /* DockerService.bundle */,
			);
			name = Products;
			sourceTree = "<group>";
		};
		1F9D558323832C3000B81967 /* launcher */ = {
			isa = PBXGroup;
			children = (
				1F9D558423832C3000B81967 /* main.swift */,
				1FD3D0AF238394CB005264A2 /* CreateMachine.swift */,
				1FD12E42238463E300AD7572 /* RunDaemon.swift */,
			);
			path = launcher;
			sourceTree = "<group>";
		};
		1F9D558C23832C5900B81967 /* bundle */ = {
			isa = PBXGroup;
			children = (
				1FD3D0AB238393F1005264A2 /* manpages */,
				1FD3D09A23839286005264A2 /* licenses */,
				1F9D558D23832C5900B81967 /* Info.plist */,
			);
			path = bundle;
			sourceTree = "<group>";
		};
		1F9D559523832D1400B81967 /* xcodescripts */ = {
			isa = PBXGroup;
			children = (
				1F9D559623832D2300B81967 /* ditto-components.sh */,
				1FC220B52384AD550061A05D /* build-machine-driver.sh */,
			);
			path = xcodescripts;
			sourceTree = "<group>";
		};
		1F9D559723832DD600B81967 /* components */ = {
			isa = PBXGroup;
			children = (
				1F9D55AC238332C100B81967 /* docker */,
				1F9D55AA238332C100B81967 /* docker-machine */,
				1F9D55A8238332C100B81967 /* docker-machine-driver-xhyve */,
			);
			path = components;
			sourceTree = "<group>";
		};
		1FD3D09A23839286005264A2 /* licenses */ = {
			isa = PBXGroup;
			children = (
				1FD3D09C238392F7005264A2 /* docker-maachine-driver-xhyve.txt */,
				1FD3D09B238392F7005264A2 /* docker-machine.txt */,
				1FD3D09D238392F7005264A2 /* docker.txt */,
			);
			path = licenses;
			sourceTree = "<group>";
		};
		1FD3D0AB238393F1005264A2 /* manpages */ = {
			isa = PBXGroup;
			children = (
				1FD3D0A7238393E2005264A2 /* man1 */,
				1FD3D0A8238393E2005264A2 /* man5 */,
			);
			name = manpages;
			sourceTree = "<group>";
		};
/* End PBXGroup section */

/* Begin PBXNativeTarget section */
		1F529FA823830D3800DAD0CF /* docker-machine-launcher */ = {
			isa = PBXNativeTarget;
			buildConfigurationList = 1F529FB023830D3800DAD0CF /* Build configuration list for PBXNativeTarget "docker-machine-launcher" */;
			buildPhases = (
				1F529FA523830D3800DAD0CF /* Sources */,
				1F529FA623830D3800DAD0CF /* Frameworks */,
			);
			buildRules = (
			);
			dependencies = (
			);
			name = "docker-machine-launcher";
			packageProductDependencies = (
				1F78BDCA23830DF200F38B52 /* CommandLineExtensions */,
				1F78BDCF23830EE300F38B52 /* SwiftCLI */,
			);
			productName = "docker-machine-launcher";
			productReference = 1F529FA923830D3800DAD0CF /* docker-machine-launcher */;
			productType = "com.apple.product-type.tool";
		};
		1F9D558A23832C5800B81967 /* DockerService */ = {
			isa = PBXNativeTarget;
			buildConfigurationList = 1F9D558E23832C5900B81967 /* Build configuration list for PBXNativeTarget "DockerService" */;
			buildPhases = (
				1F9D558723832C5800B81967 /* Sources */,
				1F9D558823832C5800B81967 /* Frameworks */,
				1F9D558923832C5800B81967 /* Resources */,
				1F9D559123832C9500B81967 /* Copy Launcher */,
				1F9D55AD238332D600B81967 /* Copy Public Binaries */,
				1FD3D0A123839305005264A2 /* Copy Licenses */,
				1FD3D0A5238393CB005264A2 /* Copy Manpages */,
			);
			buildRules = (
			);
			dependencies = (
				1F9D559E23832E5100B81967 /* PBXTargetDependency */,
				1F9D559423832CA700B81967 /* PBXTargetDependency */,
			);
			name = DockerService;
			productName = DockerService;
			productReference = 1F9D558B23832C5800B81967 /* DockerService.bundle */;
			productType = "com.apple.product-type.bundle";
		};
/* End PBXNativeTarget section */

/* Begin PBXProject section */
		1F529FA123830D3700DAD0CF /* Project object */ = {
			isa = PBXProject;
			attributes = {
				LastSwiftUpdateCheck = 1120;
				LastUpgradeCheck = 1120;
				ORGANIZATIONNAME = "William Kent";
				TargetAttributes = {
					1F529FA823830D3800DAD0CF = {
						CreatedOnToolsVersion = 11.2.1;
						LastSwiftMigration = 1120;
					};
					1F9D558A23832C5800B81967 = {
						CreatedOnToolsVersion = 11.2.1;
					};
					1F9D559823832DFE00B81967 = {
						CreatedOnToolsVersion = 11.2.1;
					};
				};
			};
			buildConfigurationList = 1F529FA423830D3700DAD0CF /* Build configuration list for PBXProject "DockerService" */;
			compatibilityVersion = "Xcode 9.3";
			developmentRegion = en;
			hasScannedForEncodings = 0;
			knownRegions = (
				en,
				Base,
			);
			mainGroup = 1F529FA023830D3700DAD0CF;
			packageReferences = (
				1F78BDC923830DF200F38B52 /* XCRemoteSwiftPackageReference "SwiftUtilities" */,
				1F78BDCE23830EE300F38B52 /* XCRemoteSwiftPackageReference "SwiftCLI" */,
			);
			productRefGroup = 1F529FAA23830D3800DAD0CF /* Products */;
			projectDirPath = "";
			projectRoot = "";
			targets = (
				1F529FA823830D3800DAD0CF /* docker-machine-launcher */,
				1F9D558A23832C5800B81967 /* DockerService */,
				1F9D559823832DFE00B81967 /* Dependencies */,
			);
		};
/* End PBXProject section */

/* Begin PBXResourcesBuildPhase section */
		1F9D558923832C5800B81967 /* Resources */ = {
			isa = PBXResourcesBuildPhase;
			buildActionMask = 2147483647;
			files = (
			);
			runOnlyForDeploymentPostprocessing = 0;
		};
/* End PBXResourcesBuildPhase section */

/* Begin PBXShellScriptBuildPhase section */
		1F4D4B4F2384AF0D00D21F65 /* Build Driver */ = {
			isa = PBXShellScriptBuildPhase;
			buildActionMask = 2147483647;
			files = (
			);
			inputFileListPaths = (
			);
			inputPaths = (
				"$(SRCROOT)/xcodescripts/build-machine-driver.sh",
			);
			name = "Build Driver";
			outputFileListPaths = (
			);
			outputPaths = (
				"$(SRCROOT)/components/docker-machine-driver-xhyve/docker-machine-driver-xhyve",
			);
			runOnlyForDeploymentPostprocessing = 0;
			shellPath = /bin/zsh;
			shellScript = ". ${SRCROOT}/xcodescripts/build-machine-driver.sh\n";
			showEnvVarsInLog = 0;
		};
		1F9D559C23832E0100B81967 /* Ditto Dependencies */ = {
			isa = PBXShellScriptBuildPhase;
			buildActionMask = 2147483647;
			files = (
			);
			inputFileListPaths = (
			);
			inputPaths = (
				/usr/local/opt/docker/INSTALL_RECEIPT.json,
				"/usr/local/opt/docker-machine/INSTALL_RECEIPT.json",
				"/usr/local/opt/docker-machine-driver-xhyve/INSTALL_RECEIPT.json",
			);
			name = "Ditto Dependencies";
			outputFileListPaths = (
			);
			outputPaths = (
				"$(SRCROOT)/components/docker/INSTALL_RECEIPT.json",
				"$(SRCROOT)/components/docker-machine/INSTALL_RECEIPT.json",
				"$(SRCROOT)/components/docker-machine-driver-xhyve/INSTALL_RECEIPT.json",
			);
			runOnlyForDeploymentPostprocessing = 0;
			shellPath = /bin/zsh;
			shellScript = ". \"${SRCROOT}/xcodescripts/ditto-components.sh\"\n";
			showEnvVarsInLog = 0;
		};
/* End PBXShellScriptBuildPhase section */

/* Begin PBXSourcesBuildPhase section */
		1F529FA523830D3800DAD0CF /* Sources */ = {
			isa = PBXSourcesBuildPhase;
			buildActionMask = 2147483647;
			files = (
				1F9D558623832C3000B81967 /* main.swift in Sources */,
				1FD3D0B0238394CB005264A2 /* CreateMachine.swift in Sources */,
				1FD12E43238463E300AD7572 /* RunDaemon.swift in Sources */,
			);
			runOnlyForDeploymentPostprocessing = 0;
		};
		1F9D558723832C5800B81967 /* Sources */ = {
			isa = PBXSourcesBuildPhase;
			buildActionMask = 2147483647;
			files = (
			);
			runOnlyForDeploymentPostprocessing = 0;
		};
/* End PBXSourcesBuildPhase section */

/* Begin PBXTargetDependency section */
		1F9D559423832CA700B81967 /* PBXTargetDependency */ = {
			isa = PBXTargetDependency;
			target = 1F529FA823830D3800DAD0CF /* docker-machine-launcher */;
			targetProxy = 1F9D559323832CA700B81967 /* PBXContainerItemProxy */;
		};
		1F9D559E23832E5100B81967 /* PBXTargetDependency */ = {
			isa = PBXTargetDependency;
			target = 1F9D559823832DFE00B81967 /* Dependencies */;
			targetProxy = 1F9D559D23832E5100B81967 /* PBXContainerItemProxy */;
		};
/* End PBXTargetDependency section */

/* Begin XCBuildConfiguration section */
		1F529FAE23830D3800DAD0CF /* Debug */ = {
			isa = XCBuildConfiguration;
			buildSettings = {
				ALWAYS_SEARCH_USER_PATHS = NO;
				CLANG_ANALYZER_NONNULL = YES;
				CLANG_ANALYZER_NUMBER_OBJECT_CONVERSION = YES_AGGRESSIVE;
				CLANG_CXX_LANGUAGE_STANDARD = "gnu++14";
				CLANG_CXX_LIBRARY = "libc++";
				CLANG_ENABLE_MODULES = YES;
				CLANG_ENABLE_OBJC_ARC = YES;
				CLANG_ENABLE_OBJC_WEAK = YES;
				CLANG_WARN_BLOCK_CAPTURE_AUTORELEASING = YES;
				CLANG_WARN_BOOL_CONVERSION = YES;
				CLANG_WARN_COMMA = YES;
				CLANG_WARN_CONSTANT_CONVERSION = YES;
				CLANG_WARN_DEPRECATED_OBJC_IMPLEMENTATIONS = YES;
				CLANG_WARN_DIRECT_OBJC_ISA_USAGE = YES_ERROR;
				CLANG_WARN_DOCUMENTATION_COMMENTS = YES;
				CLANG_WARN_EMPTY_BODY = YES;
				CLANG_WARN_ENUM_CONVERSION = YES;
				CLANG_WARN_INFINITE_RECURSION = YES;
				CLANG_WARN_INT_CONVERSION = YES;
				CLANG_WARN_NON_LITERAL_NULL_CONVERSION = YES;
				CLANG_WARN_OBJC_IMPLICIT_RETAIN_SELF = YES;
				CLANG_WARN_OBJC_LITERAL_CONVERSION = YES;
				CLANG_WARN_OBJC_ROOT_CLASS = YES_ERROR;
				CLANG_WARN_RANGE_LOOP_ANALYSIS = YES;
				CLANG_WARN_STRICT_PROTOTYPES = YES;
				CLANG_WARN_SUSPICIOUS_MOVE = YES;
				CLANG_WARN_UNGUARDED_AVAILABILITY = YES_AGGRESSIVE;
				CLANG_WARN_UNREACHABLE_CODE = YES;
				CLANG_WARN__DUPLICATE_METHOD_MATCH = YES;
				COPY_PHASE_STRIP = NO;
				DEBUG_INFORMATION_FORMAT = dwarf;
				ENABLE_STRICT_OBJC_MSGSEND = YES;
				ENABLE_TESTABILITY = YES;
				GCC_C_LANGUAGE_STANDARD = gnu11;
				GCC_DYNAMIC_NO_PIC = NO;
				GCC_NO_COMMON_BLOCKS = YES;
				GCC_OPTIMIZATION_LEVEL = 0;
				GCC_PREPROCESSOR_DEFINITIONS = (
					"DEBUG=1",
					"$(inherited)",
				);
				GCC_WARN_64_TO_32_BIT_CONVERSION = YES;
				GCC_WARN_ABOUT_RETURN_TYPE = YES_ERROR;
				GCC_WARN_UNDECLARED_SELECTOR = YES;
				GCC_WARN_UNINITIALIZED_AUTOS = YES_AGGRESSIVE;
				GCC_WARN_UNUSED_FUNCTION = YES;
				GCC_WARN_UNUSED_VARIABLE = YES;
				MACOSX_DEPLOYMENT_TARGET = 10.15;
				MTL_ENABLE_DEBUG_INFO = INCLUDE_SOURCE;
				MTL_FAST_MATH = YES;
				ONLY_ACTIVE_ARCH = YES;
				SDKROOT = macosx;
				SWIFT_ACTIVE_COMPILATION_CONDITIONS = DEBUG;
				SWIFT_OPTIMIZATION_LEVEL = "-Onone";
			};
			name = Debug;
		};
		1F529FAF23830D3800DAD0CF /* Release */ = {
			isa = XCBuildConfiguration;
			buildSettings = {
				ALWAYS_SEARCH_USER_PATHS = NO;
				CLANG_ANALYZER_NONNULL = YES;
				CLANG_ANALYZER_NUMBER_OBJECT_CONVERSION = YES_AGGRESSIVE;
				CLANG_CXX_LANGUAGE_STANDARD = "gnu++14";
				CLANG_CXX_LIBRARY = "libc++";
				CLANG_ENABLE_MODULES = YES;
				CLANG_ENABLE_OBJC_ARC = YES;
				CLANG_ENABLE_OBJC_WEAK = YES;
				CLANG_WARN_BLOCK_CAPTURE_AUTORELEASING = YES;
				CLANG_WARN_BOOL_CONVERSION = YES;
				CLANG_WARN_COMMA = YES;
				CLANG_WARN_CONSTANT_CONVERSION = YES;
				CLANG_WARN_DEPRECATED_OBJC_IMPLEMENTATIONS = YES;
				CLANG_WARN_DIRECT_OBJC_ISA_USAGE = YES_ERROR;
				CLANG_WARN_DOCUMENTATION_COMMENTS = YES;
				CLANG_WARN_EMPTY_BODY = YES;
				CLANG_WARN_ENUM_CONVERSION = YES;
				CLANG_WARN_INFINITE_RECURSION = YES;
				CLANG_WARN_INT_CONVERSION = YES;
				CLANG_WARN_NON_LITERAL_NULL_CONVERSION = YES;
				CLANG_WARN_OBJC_IMPLICIT_RETAIN_SELF = YES;
				CLANG_WARN_OBJC_LITERAL_CONVERSION = YES;
				CLANG_WARN_OBJC_ROOT_CLASS = YES_ERROR;
				CLANG_WARN_RANGE_LOOP_ANALYSIS = YES;
				CLANG_WARN_STRICT_PROTOTYPES = YES;
				CLANG_WARN_SUSPICIOUS_MOVE = YES;
				CLANG_WARN_UNGUARDED_AVAILABILITY = YES_AGGRESSIVE;
				CLANG_WARN_UNREACHABLE_CODE = YES;
				CLANG_WARN__DUPLICATE_METHOD_MATCH = YES;
				COPY_PHASE_STRIP = NO;
				DEBUG_INFORMATION_FORMAT = "dwarf-with-dsym";
				ENABLE_NS_ASSERTIONS = NO;
				ENABLE_STRICT_OBJC_MSGSEND = YES;
				GCC_C_LANGUAGE_STANDARD = gnu11;
				GCC_NO_COMMON_BLOCKS = YES;
				GCC_WARN_64_TO_32_BIT_CONVERSION = YES;
				GCC_WARN_ABOUT_RETURN_TYPE = YES_ERROR;
				GCC_WARN_UNDECLARED_SELECTOR = YES;
				GCC_WARN_UNINITIALIZED_AUTOS = YES_AGGRESSIVE;
				GCC_WARN_UNUSED_FUNCTION = YES;
				GCC_WARN_UNUSED_VARIABLE = YES;
				MACOSX_DEPLOYMENT_TARGET = 10.15;
				MTL_ENABLE_DEBUG_INFO = NO;
				MTL_FAST_MATH = YES;
				SDKROOT = macosx;
				SWIFT_COMPILATION_MODE = wholemodule;
				SWIFT_OPTIMIZATION_LEVEL = "-O";
			};
			name = Release;
		};
		1F529FB123830D3800DAD0CF /* Debug */ = {
			isa = XCBuildConfiguration;
			buildSettings = {
				CLANG_ENABLE_MODULES = YES;
				CODE_SIGN_STYLE = Automatic;
				DEVELOPMENT_TEAM = 3P242C9ES5;
				ENABLE_HARDENED_RUNTIME = YES;
				LD_RUNPATH_SEARCH_PATHS = (
					"$(inherited)",
					"@executable_path/../Frameworks",
					"@loader_path/../Frameworks",
				);
				PRODUCT_NAME = "$(TARGET_NAME)";
				SWIFT_OPTIMIZATION_LEVEL = "-Onone";
				SWIFT_VERSION = 5.0;
			};
			name = Debug;
		};
		1F529FB223830D3800DAD0CF /* Release */ = {
			isa = XCBuildConfiguration;
			buildSettings = {
				CLANG_ENABLE_MODULES = YES;
				CODE_SIGN_STYLE = Automatic;
				DEVELOPMENT_TEAM = 3P242C9ES5;
				ENABLE_HARDENED_RUNTIME = YES;
				LD_RUNPATH_SEARCH_PATHS = (
					"$(inherited)",
					"@executable_path/../Frameworks",
					"@loader_path/../Frameworks",
				);
				PRODUCT_NAME = "$(TARGET_NAME)";
				SWIFT_VERSION = 5.0;
			};
			name = Release;
		};
		1F9D558F23832C5900B81967 /* Debug */ = {
			isa = XCBuildConfiguration;
			buildSettings = {
				CODE_SIGN_STYLE = Automatic;
				COMBINE_HIDPI_IMAGES = YES;
				DEVELOPMENT_TEAM = 3P242C9ES5;
				INFOPLIST_FILE = bundle/Info.plist;
				INSTALL_PATH = "$(LOCAL_LIBRARY_DIR)/Bundles";
				PRODUCT_BUNDLE_IDENTIFIER = me.sunsol.DockerService;
				PRODUCT_NAME = "$(TARGET_NAME)";
				SKIP_INSTALL = YES;
				WRAPPER_EXTENSION = bundle;
			};
			name = Debug;
		};
		1F9D559023832C5900B81967 /* Release */ = {
			isa = XCBuildConfiguration;
			buildSettings = {
				CODE_SIGN_STYLE = Automatic;
				COMBINE_HIDPI_IMAGES = YES;
				DEVELOPMENT_TEAM = 3P242C9ES5;
				INFOPLIST_FILE = bundle/Info.plist;
				INSTALL_PATH = "$(LOCAL_LIBRARY_DIR)/Bundles";
				PRODUCT_BUNDLE_IDENTIFIER = me.sunsol.DockerService;
				PRODUCT_NAME = "$(TARGET_NAME)";
				SKIP_INSTALL = YES;
				WRAPPER_EXTENSION = bundle;
			};
			name = Release;
		};
		1F9D559A23832DFE00B81967 /* Debug */ = {
			isa = XCBuildConfiguration;
			buildSettings = {
				CODE_SIGN_STYLE = Automatic;
				DEVELOPMENT_TEAM = 3P242C9ES5;
				PRODUCT_NAME = "$(TARGET_NAME)";
			};
			name = Debug;
		};
		1F9D559B23832DFE00B81967 /* Release */ = {
			isa = XCBuildConfiguration;
			buildSettings = {
				CODE_SIGN_STYLE = Automatic;
				DEVELOPMENT_TEAM = 3P242C9ES5;
				PRODUCT_NAME = "$(TARGET_NAME)";
			};
			name = Release;
		};
/* End XCBuildConfiguration section */

/* Begin XCConfigurationList section */
		1F529FA423830D3700DAD0CF /* Build configuration list for PBXProject "DockerService" */ = {
			isa = XCConfigurationList;
			buildConfigurations = (
				1F529FAE23830D3800DAD0CF /* Debug */,
				1F529FAF23830D3800DAD0CF /* Release */,
			);
			defaultConfigurationIsVisible = 0;
			defaultConfigurationName = Release;
		};
		1F529FB023830D3800DAD0CF /* Build configuration list for PBXNativeTarget "docker-machine-launcher" */ = {
			isa = XCConfigurationList;
			buildConfigurations = (
				1F529FB123830D3800DAD0CF /* Debug */,
				1F529FB223830D3800DAD0CF /* Release */,
			);
			defaultConfigurationIsVisible = 0;
			defaultConfigurationName = Release;
		};
		1F9D558E23832C5900B81967 /* Build configuration list for PBXNativeTarget "DockerService" */ = {
			isa = XCConfigurationList;
			buildConfigurations = (
				1F9D558F23832C5900B81967 /* Debug */,
				1F9D559023832C5900B81967 /* Release */,
			);
			defaultConfigurationIsVisible = 0;
			defaultConfigurationName = Release;
		};
		1F9D559923832DFE00B81967 /* Build configuration list for PBXAggregateTarget "Dependencies" */ = {
			isa = XCConfigurationList;
			buildConfigurations = (
				1F9D559A23832DFE00B81967 /* Debug */,
				1F9D559B23832DFE00B81967 /* Release */,
			);
			defaultConfigurationIsVisible = 0;
			defaultConfigurationName = Release;
		};
/* End XCConfigurationList section */

/* Begin XCRemoteSwiftPackageReference section */
		1F78BDC923830DF200F38B52 /* XCRemoteSwiftPackageReference "SwiftUtilities" */ = {
			isa = XCRemoteSwiftPackageReference;
			repositoryURL = "https://github.com/wjk/SwiftUtilities";
			requirement = {
				kind = revision;
				revision = c7db197b5d4ad928ce0f386f528d46ea58ea23ec;
			};
		};
		1F78BDCE23830EE300F38B52 /* XCRemoteSwiftPackageReference "SwiftCLI" */ = {
			isa = XCRemoteSwiftPackageReference;
			repositoryURL = "https://github.com/jakeheis/SwiftCLI";
			requirement = {
				kind = upToNextMajorVersion;
				minimumVersion = 5.3.3;
			};
		};
/* End XCRemoteSwiftPackageReference section */

/* Begin XCSwiftPackageProductDependency section */
		1F78BDCA23830DF200F38B52 /* CommandLineExtensions */ = {
			isa = XCSwiftPackageProductDependency;
			package = 1F78BDC923830DF200F38B52 /* XCRemoteSwiftPackageReference "SwiftUtilities" */;
			productName = CommandLineExtensions;
		};
		1F78BDCF23830EE300F38B52 /* SwiftCLI */ = {
			isa = XCSwiftPackageProductDependency;
			package = 1F78BDCE23830EE300F38B52 /* XCRemoteSwiftPackageReference "SwiftCLI" */;
			productName = SwiftCLI;
		};
/* End XCSwiftPackageProductDependency section */
	};
	rootObject = 1F529FA123830D3700DAD0CF /* Project object */;
}
