{
  "object": {
    "pins": [
      {
        "package": "SwiftCLI",
        "repositoryURL": "https://github.com/jakeheis/SwiftCLI",
        "state": {
          "branch": null,
          "revision": "df4d5b3ec2c1421a58d71010ff43528db5b19e04",
          "version": "5.3.3"
        }
      },
      {
        "package": "SwiftUtilities",
        "repositoryURL": "https://github.com/wjk/SwiftUtilities",
        "state": {
          "branch": null,
          "revision": "ecac84614920606f8b2926d5deaa3fa0bf2b3f60",
          "version": null
        }
      }
    ]
  },
  "version": 1
}
